<?xml version="1.0" encoding="UTF-8" standalone="yes" ?>
<CodeBlocks_project_file>
	<FileVersion major="1" minor="6" />
	<Project>
		<Option title="SFML-test" />
		<Option pch_mode="2" />
		<Option compiler="gcc" />
		<Build>
			<Target title="Debug">
				<Option output="bin/Debug/SFML-test" prefix_auto="1" extension_auto="1" />
				<Option object_output="obj/Debug/" />
				<Option type="1" />
				<Option compiler="gcc" />
				<Compiler>
					<Add option="-g" />
					<Add option="-DDEBUG" />
				</Compiler>
				<Linker>
					<Add library="sfml-graphics-s-d" />
					<Add library="sfml-window-s-d" />
					<Add library="sfml-system-s-d" />
				</Linker>
			</Target>
			<Target title="Release">
				<Option output="bin/Release/SFML-test" prefix_auto="1" extension_auto="1" />
				<Option object_output="obj/Release/" />
				<Option type="1" />
				<Option compiler="gcc" />
				<Compiler>
					<Add option="-O2" />
				</Compiler>
				<Linker>
					<Add option="-s" />
					<Add library="sfml-graphics-s" />
					<Add library="sfml-window-s" />
					<Add library="sfml-system-s" />
				</Linker>
			</Target>
			<Target title="Tests">
				<Option output="bin/Tests/tests" prefix_auto="1" extension_auto="1" />
				<Option object_output="obj/Tests" />
				<Option type="1" />
				<Option compiler="gcc" />
				<Compiler>
					<Add option="-g" />
					<Add option="-DDEBUG" />
				</Compiler>
			</Target>
			<Target title="Benchmark">
				<Option output="bin/Benchmark/SFML-test" prefix_auto="1" extension_auto="1" />
				<Option working_dir="bin/Benchmark/" />
				<Option object_output="obj/Benchmark/" />
				<Option type="1" />
				<Option compiler="gcc" />
				<Compiler>
					<Add option="-O2" />
					<Add option="-std=c++11" />
				</Compiler>
				<Linker>
					<Add option="-s" />
				</Linker>
			</Target>
			<Target title="Benchmark-Debug">
				<Option output="bin/Benchmark-Debug/SFML-test" prefix_auto="1" extension_auto="1" />
				<Option working_dir="bin/Benchmark-Debug/" />
				<Option object_output="obj/Benchmark-Debug/" />
				<Option type="1" />
				<Option compiler="gcc" />
				<Compiler>
					<Add option="-std=c++11" />
					<Add option="-g" />
					<Add option="-DDEBUG" />
				</Compiler>
			</Target>
		</Build>
		<Compiler>
			<Add option="-std=c++11" />
			<Add option="-Wall" />
			<Add option="-DSFML_STATIC" />
			<Add directory="C:/SFML-2.1/include" />
		</Compiler>
		<Linker>
			<Add directory="C:/SFML-2.1/lib" />
		</Linker>
		<Unit filename="src/agent.hpp">
			<Option target="Debug" />
			<Option target="Release" />
			<Option target="Benchmark" />
			<Option target="Benchmark-Debug" />
		</Unit>
		<Unit filename="src/assert.hpp" />
		<Unit filename="src/assets/block-pushable.h">
			<Option target="Debug" />
			<Option target="Release" />
			<Option target="Benchmark" />
			<Option target="Benchmark-Debug" />
		</Unit>
		<Unit filename="src/assets/block.h">
			<Option target="Debug" />
			<Option target="Release" />
			<Option target="Benchmark" />
			<Option target="Benchmark-Debug" />
		</Unit>
		<Unit filename="src/assets/longears.h">
			<Option target="Debug" />
			<Option target="Release" />
			<Option target="Benchmark" />
			<Option target="Benchmark-Debug" />
		</Unit>
		<Unit filename="src/assets/sharpears.h">
			<Option target="Debug" />
			<Option target="Release" />
			<Option target="Benchmark" />
			<Option target="Benchmark-Debug" />
		</Unit>
		<Unit filename="src/assets/whiterabbit.h">
			<Option target="Debug" />
			<Option target="Release" />
			<Option target="Benchmark" />
			<Option target="Benchmark-Debug" />
		</Unit>
		<Unit filename="src/benchmark/benchmark.cpp">
			<Option target="Benchmark" />
			<Option target="Benchmark-Debug" />
		</Unit>
		<Unit filename="src/body.hpp">
			<Option target="Debug" />
			<Option target="Release" />
		</Unit>
		<Unit filename="src/destroyable.hpp">
			<Option target="Debug" />
			<Option target="Release" />
		</Unit>
		<Unit filename="src/discrete2d.hpp" />
		<Unit filename="src/framerate.hpp">
			<Option target="Debug" />
			<Option target="Release" />
			<Option target="Benchmark" />
			<Option target="Benchmark-Debug" />
		</Unit>
		<Unit filename="src/interpolation.hpp">
			<Option target="Debug" />
			<Option target="Release" />
			<Option target="Benchmark" />
			<Option target="Benchmark-Debug" />
		</Unit>
		<Unit filename="src/main.cpp">
			<Option target="Debug" />
			<Option target="Release" />
			<Option target="Benchmark" />
			<Option target="Benchmark-Debug" />
		</Unit>
		<Unit filename="src/sparsearray.hpp" />
		<Unit filename="src/sparsearray2.hpp" />
		<Unit filename="src/sparsearray3.hpp" />
		<Unit filename="src/sprite.hpp">
			<Option target="Debug" />
			<Option target="Release" />
			<Option target="Benchmark" />
			<Option target="Benchmark-Debug" />
		</Unit>
		<Unit filename="src/tests/catch.hpp">
			<Option target="Tests" />
		</Unit>
		<Unit filename="src/tests/tests.cpp">
			<Option target="Tests" />
		</Unit>
		<Unit filename="src/wanderai.hpp">
			<Option target="Debug" />
			<Option target="Release" />
			<Option target="Benchmark" />
			<Option target="Benchmark-Debug" />
		</Unit>
		<Unit filename="src/worldcam.hpp">
			<Option target="Debug" />
			<Option target="Release" />
			<Option target="Benchmark" />
			<Option target="Benchmark-Debug" />
		</Unit>
		<Extensions>
			<DoxyBlocks>
				<comment_style block="0" line="0" />
				<doxyfile_project />
				<doxyfile_build />
				<doxyfile_warnings />
				<doxyfile_output />
				<doxyfile_dot />
				<general />
			</DoxyBlocks>
			<code_completion />
			<envvars />
			<debugger />
			<lib_finder disable_auto="1" />
		</Extensions>
	</Project>
</CodeBlocks_project_file>
